
Microsoft Visual Studio Solution File, Format Version 12.00
# Visual Studio Version 17
VisualStudioVersion = 17.13.35919.96
MinimumVisualStudioVersion = 10.0.40219.1
Project("{FAE04EC0-301F-11D3-BF4B-00C04F79EFBC}") = "Panel Splitter", "Panel Splitter\Panel Splitter.csproj", "{167C4FD5-D821-42C9-A48A-9921777312F6}"
EndProject
Project("{FAE04EC0-301F-11D3-BF4B-00C04F79EFBC}") = "Panel Splitter Helper", "Panel Splitter Helper\Panel Splitter Helper.csproj", "{A8B02FF6-56BE-44B1-ADDD-77A9071F006B}"
EndProject
Global
	GlobalSection(SolutionConfigurationPlatforms) = preSolution
		Debug|Any CPU = Debug|Any CPU
		Release|Any CPU = Release|Any CPU
	EndGlobalSection
	GlobalSection(ProjectConfigurationPlatforms) = postSolution
		{167C4FD5-D821-42C9-A48A-9921777312F6}.Debug|Any CPU.ActiveCfg = Debug|Any CPU
		{167C4FD5-D821-42C9-A48A-9921777312F6}.Debug|Any CPU.Build.0 = Debug|Any CPU
		{167C4FD5-D821-42C9-A48A-9921777312F6}.Release|Any CPU.ActiveCfg = Release|Any CPU
		{167C4FD5-D821-42C9-A48A-9921777312F6}.Release|Any CPU.Build.0 = Release|Any CPU
		{A8B02FF6-56BE-44B1-ADDD-77A9071F006B}.Debug|Any CPU.ActiveCfg = Debug|Any CPU
		{A8B02FF6-56BE-44B1-ADDD-77A9071F006B}.Debug|Any CPU.Build.0 = Debug|Any CPU
		{A8B02FF6-56BE-44B1-ADDD-77A9071F006B}.Release|Any CPU.ActiveCfg = Release|Any CPU
		{A8B02FF6-56BE-44B1-ADDD-77A9071F006B}.Release|Any CPU.Build.0 = Release|Any CPU
	EndGlobalSection
	GlobalSection(SolutionProperties) = preSolution
		HideSolutionNode = FALSE
	EndGlobalSection
	GlobalSection(ExtensibilityGlobals) = postSolution
		SolutionGuid = {87971682-5746-43A7-A780-A8D497D1A070}
	EndGlobalSection
EndGlobal
